
Microsoft Visual Studio Solution File, Format Version 12.00
# Visual Studio Version 16
VisualStudioVersion = 16.0.29728.190
MinimumVisualStudioVersion = 10.0.40219.1
Project("{9A19103F-16F7-4668-BE54-9A1E7A4F7556}") = "BudgetToCity", "BudgetToCity.csproj", "{ED19C053-5A7B-485D-AE00-F7D4AD7694D4}"
EndProject
Global
	GlobalSection(SolutionConfigurationPlatforms) = preSolution
		Debug|Any CPU = Debug|Any CPU
		Release|Any CPU = Release|Any CPU
	EndGlobalSection
	GlobalSection(ProjectConfigurationPlatforms) = postSolution
		{ED19C053-5A7B-485D-AE00-F7D4AD7694D4}.Debug|Any CPU.ActiveCfg = Debug|Any CPU
		{ED19C053-5A7B-485D-AE00-F7D4AD7694D4}.Debug|Any CPU.Build.0 = Debug|Any CPU
		{ED19C053-5A7B-485D-AE00-F7D4AD7694D4}.Release|Any CPU.ActiveCfg = Release|Any CPU
		{ED19C053-5A7B-485D-AE00-F7D4AD7694D4}.Release|Any CPU.Build.0 = Release|Any CPU
	EndGlobalSection
	GlobalSection(SolutionProperties) = preSolution
		HideSolutionNode = FALSE
	EndGlobalSection
	GlobalSection(ExtensibilityGlobals) = postSolution
		SolutionGuid = {6321240F-329B-481F-A15B-EB77A160E3C4}
	EndGlobalSection
EndGlobal
